
Microsoft Visual Studio Solution File, Format Version 12.00
# Visual Studio Version 17
VisualStudioVersion = 17.7.34031.279
MinimumVisualStudioVersion = 10.0.40219.1
Project("{FAE04EC0-301F-11D3-BF4B-00C04F79EFBC}") = "GitWebAPI", "GitWebAPI\GitWebAPI.csproj", "{60753382-6B8C-4EE6-A4FF-D46044BC7FC9}"
EndProject
Global
	GlobalSection(SolutionConfigurationPlatforms) = preSolution
		Debug|Any CPU = Debug|Any CPU
		Release|Any CPU = Release|Any CPU
	EndGlobalSection
	GlobalSection(ProjectConfigurationPlatforms) = postSolution
		{60753382-6B8C-4EE6-A4FF-D46044BC7FC9}.Debug|Any CPU.ActiveCfg = Debug|Any CPU
		{60753382-6B8C-4EE6-A4FF-D46044BC7FC9}.Debug|Any CPU.Build.0 = Debug|Any CPU
		{60753382-6B8C-4EE6-A4FF-D46044BC7FC9}.Release|Any CPU.ActiveCfg = Release|Any CPU
		{60753382-6B8C-4EE6-A4FF-D46044BC7FC9}.Release|Any CPU.Build.0 = Release|Any CPU
	EndGlobalSection
	GlobalSection(SolutionProperties) = preSolution
		HideSolutionNode = FALSE
	EndGlobalSection
	GlobalSection(ExtensibilityGlobals) = postSolution
		SolutionGuid = {B817F187-6653-4039-9F53-BFF640F7AFCA}
	EndGlobalSection
EndGlobal
